
Microsoft Visual Studio Solution File, Format Version 12.00
# Visual Studio Version 17
VisualStudioVersion = 17.14.36518.9 d17.14
MinimumVisualStudioVersion = 10.0.40219.1
Project("{FAE04EC0-301F-11D3-BF4B-00C04F79EFBC}") = "KhosuRoom.Core", "KhosuRoom.Core\KhosuRoom.Core.csproj", "{FE5BCC49-3F55-440B-A0D3-571483188476}"
EndProject
Project("{FAE04EC0-301F-11D3-BF4B-00C04F79EFBC}") = "KhosuRoom.DataAccess", "KhosuRoom.DataAccess\KhosuRoom.DataAccess.csproj", "{C2B9B4EF-3BB5-4735-BE06-737BE11B6B2C}"
EndProject
Project("{FAE04EC0-301F-11D3-BF4B-00C04F79EFBC}") = "KhosuRoom.Business", "KhosuRoom.Business\KhosuRoom.Business.csproj", "{DC7E49C2-083B-4060-8B18-C1A4068FAD69}"
EndProject
Project("{FAE04EC0-301F-11D3-BF4B-00C04F79EFBC}") = "KhosuRoom.Presentation", "KhosuRoom.Presentation\KhosuRoom.Presentation.csproj", "{DF052A11-961E-456A-87B3-00B501EC8C3A}"
EndProject
Global
	GlobalSection(SolutionConfigurationPlatforms) = preSolution
		Debug|Any CPU = Debug|Any CPU
		Release|Any CPU = Release|Any CPU
	EndGlobalSection
	GlobalSection(ProjectConfigurationPlatforms) = postSolution
		{FE5BCC49-3F55-440B-A0D3-571483188476}.Debug|Any CPU.ActiveCfg = Debug|Any CPU
		{FE5BCC49-3F55-440B-A0D3-571483188476}.Debug|Any CPU.Build.0 = Debug|Any CPU
		{FE5BCC49-3F55-440B-A0D3-571483188476}.Release|Any CPU.ActiveCfg = Release|Any CPU
		{FE5BCC49-3F55-440B-A0D3-571483188476}.Release|Any CPU.Build.0 = Release|Any CPU
		{C2B9B4EF-3BB5-4735-BE06-737BE11B6B2C}.Debug|Any CPU.ActiveCfg = Debug|Any CPU
		{C2B9B4EF-3BB5-4735-BE06-737BE11B6B2C}.Debug|Any CPU.Build.0 = Debug|Any CPU
		{C2B9B4EF-3BB5-4735-BE06-737BE11B6B2C}.Release|Any CPU.ActiveCfg = Release|Any CPU
		{C2B9B4EF-3BB5-4735-BE06-737BE11B6B2C}.Release|Any CPU.Build.0 = Release|Any CPU
		{DC7E49C2-083B-4060-8B18-C1A4068FAD69}.Debug|Any CPU.ActiveCfg = Debug|Any CPU
		{DC7E49C2-083B-4060-8B18-C1A4068FAD69}.Debug|Any CPU.Build.0 = Debug|Any CPU
		{DC7E49C2-083B-4060-8B18-C1A4068FAD69}.Release|Any CPU.ActiveCfg = Release|Any CPU
		{DC7E49C2-083B-4060-8B18-C1A4068FAD69}.Release|Any CPU.Build.0 = Release|Any CPU
		{DF052A11-961E-456A-87B3-00B501EC8C3A}.Debug|Any CPU.ActiveCfg = Debug|Any CPU
		{DF052A11-961E-456A-87B3-00B501EC8C3A}.Debug|Any CPU.Build.0 = Debug|Any CPU
		{DF052A11-961E-456A-87B3-00B501EC8C3A}.Release|Any CPU.ActiveCfg = Release|Any CPU
		{DF052A11-961E-456A-87B3-00B501EC8C3A}.Release|Any CPU.Build.0 = Release|Any CPU
	EndGlobalSection
	GlobalSection(SolutionProperties) = preSolution
		HideSolutionNode = FALSE
	EndGlobalSection
	GlobalSection(ExtensibilityGlobals) = postSolution
		SolutionGuid = {7F56EBCB-DB46-4A42-8FC9-9FF12FC9EF8E}
	EndGlobalSection
EndGlobal
